// !$*UTF8*$!
{
	archiveVersion = 1;
	classes = {
	};
	objectVersion = 46;
	objects = {

/* Begin PBXBuildFile section */
		FC02C21514985FB500605FD4 /* UIKit.framework in Frameworks */ = {isa = PBXBuildFile; fileRef = FC02C21414985FB500605FD4 /* UIKit.framework */; };
		FC02C21714985FB500605FD4 /* Foundation.framework in Frameworks */ = {isa = PBXBuildFile; fileRef = FC02C21614985FB500605FD4 /* Foundation.framework */; };
		FC02C21914985FB500605FD4 /* CoreGraphics.framework in Frameworks */ = {isa = PBXBuildFile; fileRef = FC02C21814985FB500605FD4 /* CoreGraphics.framework */; };
		FC02C21B14985FB500605FD4 /* CoreData.framework in Frameworks */ = {isa = PBXBuildFile; fileRef = FC02C21A14985FB500605FD4 /* CoreData.framework */; };
		FC02C22114985FB500605FD4 /* InfoPlist.strings in Resources */ = {isa = PBXBuildFile; fileRef = FC02C21F14985FB500605FD4 /* InfoPlist.strings */; };
		FC02C22314985FB500605FD4 /* main.m in Sources */ = {isa = PBXBuildFile; fileRef = FC02C22214985FB500605FD4 /* main.m */; };
		FC02C22714985FB500605FD4 /* AppDelegate.m in Sources */ = {isa = PBXBuildFile; fileRef = FC02C22614985FB500605FD4 /* AppDelegate.m */; };
		FC02C22A14985FB500605FD4 /* AreaPlan.xcdatamodeld in Sources */ = {isa = PBXBuildFile; fileRef = FC02C22814985FB500605FD4 /* AreaPlan.xcdatamodeld */; };
		FC02C2321498601900605FD4 /* MasterViewController.m in Sources */ = {isa = PBXBuildFile; fileRef = FC02C2311498601900605FD4 /* MasterViewController.m */; };
		FC02C2361498606C00605FD4 /* MainViewController.m in Sources */ = {isa = PBXBuildFile; fileRef = FC02C2341498606C00605FD4 /* MainViewController.m */; };
		FC02C2371498606C00605FD4 /* MainView.xib in Resources */ = {isa = PBXBuildFile; fileRef = FC02C2351498606C00605FD4 /* MainView.xib */; };
		FC02C24E1498F5F000605FD4 /* MapViewController.m in Sources */ = {isa = PBXBuildFile; fileRef = FC02C24C1498F5F000605FD4 /* MapViewController.m */; };
		FC02C24F1498F5F000605FD4 /* MapView.xib in Resources */ = {isa = PBXBuildFile; fileRef = FC02C24D1498F5F000605FD4 /* MapView.xib */; };
		FC02C25814992EB700605FD4 /* MasterNib.xib in Resources */ = {isa = PBXBuildFile; fileRef = FC02C25614992EB700605FD4 /* MasterNib.xib */; };
		FC02C25A14993A6A00605FD4 /* icon.png in Resources */ = {isa = PBXBuildFile; fileRef = FC02C25914993A6A00605FD4 /* icon.png */; };
		FC02C267149A3FF200605FD4 /* right_button.png in Resources */ = {isa = PBXBuildFile; fileRef = FC02C265149A3FF200605FD4 /* right_button.png */; };
		FC02C268149A3FF200605FD4 /* left_button.png in Resources */ = {isa = PBXBuildFile; fileRef = FC02C266149A3FF200605FD4 /* left_button.png */; };
		FC02C26C149A407400605FD4 /* ZoomScroller.m in Sources */ = {isa = PBXBuildFile; fileRef = FC02C26B149A407400605FD4 /* ZoomScroller.m */; };
		FC875D6C149A62100026E120 /* QuartzView.m in Sources */ = {isa = PBXBuildFile; fileRef = FC875D6B149A62100026E120 /* QuartzView.m */; };
		FC875D6E149A73D60026E120 /* floorplan.jpg in Resources */ = {isa = PBXBuildFile; fileRef = FC875D6D149A73D60026E120 /* floorplan.jpg */; };
/* End PBXBuildFile section */

/* Begin PBXFileReference section */
		FC02C21014985FB500605FD4 /* AreaPlan.app */ = {isa = PBXFileReference; explicitFileType = wrapper.application; includeInIndex = 0; path = AreaPlan.app; sourceTree = BUILT_PRODUCTS_DIR; };
		FC02C21414985FB500605FD4 /* UIKit.framework */ = {isa = PBXFileReference; lastKnownFileType = wrapper.framework; name = UIKit.framework; path = System/Library/Frameworks/UIKit.framework; sourceTree = SDKROOT; };
		FC02C21614985FB500605FD4 /* Foundation.framework */ = {isa = PBXFileReference; lastKnownFileType = wrapper.framework; name = Foundation.framework; path = System/Library/Frameworks/Foundation.framework; sourceTree = SDKROOT; };
		FC02C21814985FB500605FD4 /* CoreGraphics.framework */ = {isa = PBXFileReference; lastKnownFileType = wrapper.framework; name = CoreGraphics.framework; path = System/Library/Frameworks/CoreGraphics.framework; sourceTree = SDKROOT; };
		FC02C21A14985FB500605FD4 /* CoreData.framework */ = {isa = PBXFileReference; lastKnownFileType = wrapper.framework; name = CoreData.framework; path = System/Library/Frameworks/CoreData.framework; sourceTree = SDKROOT; };
		FC02C21E14985FB500605FD4 /* AreaPlan-Info.plist */ = {isa = PBXFileReference; lastKnownFileType = text.plist.xml; path = "AreaPlan-Info.plist"; sourceTree = "<group>"; };
		FC02C22014985FB500605FD4 /* en */ = {isa = PBXFileReference; lastKnownFileType = text.plist.strings; name = en; path = en.lproj/InfoPlist.strings; sourceTree = "<group>"; };
		FC02C22214985FB500605FD4 /* main.m */ = {isa = PBXFileReference; lastKnownFileType = sourcecode.c.objc; path = main.m; sourceTree = "<group>"; };
		FC02C22414985FB500605FD4 /* AreaPlan-Prefix.pch */ = {isa = PBXFileReference; lastKnownFileType = sourcecode.c.h; path = "AreaPlan-Prefix.pch"; sourceTree = "<group>"; };
		FC02C22514985FB500605FD4 /* AppDelegate.h */ = {isa = PBXFileReference; lastKnownFileType = sourcecode.c.h; path = AppDelegate.h; sourceTree = "<group>"; };
		FC02C22614985FB500605FD4 /* AppDelegate.m */ = {isa = PBXFileReference; lastKnownFileType = sourcecode.c.objc; path = AppDelegate.m; sourceTree = "<group>"; };
		FC02C22914985FB500605FD4 /* AreaPlan.xcdatamodel */ = {isa = PBXFileReference; lastKnownFileType = wrapper.xcdatamodel; path = AreaPlan.xcdatamodel; sourceTree = "<group>"; };
		FC02C2301498601900605FD4 /* MasterViewController.h */ = {isa = PBXFileReference; fileEncoding = 4; lastKnownFileType = sourcecode.c.h; path = MasterViewController.h; sourceTree = "<group>"; };
		FC02C2311498601900605FD4 /* MasterViewController.m */ = {isa = PBXFileReference; fileEncoding = 4; lastKnownFileType = sourcecode.c.objc; path = MasterViewController.m; sourceTree = "<group>"; };
		FC02C2331498606C00605FD4 /* MainViewController.h */ = {isa = PBXFileReference; fileEncoding = 4; lastKnownFileType = sourcecode.c.h; name = MainViewController.h; path = AreaPlan/MainViewController.h; sourceTree = "<group>"; };
		FC02C2341498606C00605FD4 /* MainViewController.m */ = {isa = PBXFileReference; fileEncoding = 4; lastKnownFileType = sourcecode.c.objc; name = MainViewController.m; path = AreaPlan/MainViewController.m; sourceTree = "<group>"; };
		FC02C2351498606C00605FD4 /* MainView.xib */ = {isa = PBXFileReference; fileEncoding = 4; lastKnownFileType = file.xib; name = MainView.xib; path = AreaPlan/MainView.xib; sourceTree = "<group>"; };
		FC02C2471498E82E00605FD4 /* ParentViewController.h */ = {isa = PBXFileReference; fileEncoding = 4; lastKnownFileType = sourcecode.c.h; path = ParentViewController.h; sourceTree = "<group>"; };
		FC02C24B1498F5F000605FD4 /* MapViewController.h */ = {isa = PBXFileReference; fileEncoding = 4; lastKnownFileType = sourcecode.c.h; name = MapViewController.h; path = AreaPlan/MapViewController.h; sourceTree = "<group>"; };
		FC02C24C1498F5F000605FD4 /* MapViewController.m */ = {isa = PBXFileReference; fileEncoding = 4; lastKnownFileType = sourcecode.c.objc; name = MapViewController.m; path = AreaPlan/MapViewController.m; sourceTree = "<group>"; };
		FC02C24D1498F5F000605FD4 /* MapView.xib */ = {isa = PBXFileReference; fileEncoding = 4; lastKnownFileType = file.xib; name = MapView.xib; path = AreaPlan/MapView.xib; sourceTree = "<group>"; };
		FC02C25614992EB700605FD4 /* MasterNib.xib */ = {isa = PBXFileReference; fileEncoding = 4; lastKnownFileType = file.xib; path = MasterNib.xib; sourceTree = "<group>"; };
		FC02C25914993A6A00605FD4 /* icon.png */ = {isa = PBXFileReference; lastKnownFileType = image.png; path = icon.png; sourceTree = "<group>"; };
		FC02C265149A3FF200605FD4 /* right_button.png */ = {isa = PBXFileReference; lastKnownFileType = image.png; path = right_button.png; sourceTree = "<group>"; };
		FC02C266149A3FF200605FD4 /* left_button.png */ = {isa = PBXFileReference; lastKnownFileType = image.png; path = left_button.png; sourceTree = "<group>"; };
		FC02C26A149A407400605FD4 /* ZoomScroller.h */ = {isa = PBXFileReference; fileEncoding = 4; lastKnownFileType = sourcecode.c.h; path = ZoomScroller.h; sourceTree = "<group>"; };
		FC02C26B149A407400605FD4 /* ZoomScroller.m */ = {isa = PBXFileReference; fileEncoding = 4; lastKnownFileType = sourcecode.c.objc; path = ZoomScroller.m; sourceTree = "<group>"; };
		FC875D6A149A62100026E120 /* QuartzView.h */ = {isa = PBXFileReference; fileEncoding = 4; lastKnownFileType = sourcecode.c.h; path = QuartzView.h; sourceTree = "<group>"; };
		FC875D6B149A62100026E120 /* QuartzView.m */ = {isa = PBXFileReference; fileEncoding = 4; lastKnownFileType = sourcecode.c.objc; path = QuartzView.m; sourceTree = "<group>"; };
		FC875D6D149A73D60026E120 /* floorplan.jpg */ = {isa = PBXFileReference; lastKnownFileType = image.jpeg; path = floorplan.jpg; sourceTree = "<group>"; };
/* End PBXFileReference section */

/* Begin PBXFrameworksBuildPhase section */
		FC02C20D14985FB500605FD4 /* Frameworks */ = {
			isa = PBXFrameworksBuildPhase;
			buildActionMask = 2147483647;
			files = (
				FC02C21514985FB500605FD4 /* UIKit.framework in Frameworks */,
				FC02C21714985FB500605FD4 /* Foundation.framework in Frameworks */,
				FC02C21914985FB500605FD4 /* CoreGraphics.framework in Frameworks */,
				FC02C21B14985FB500605FD4 /* CoreData.framework in Frameworks */,
			);
			runOnlyForDeploymentPostprocessing = 0;
		};
/* End PBXFrameworksBuildPhase section */

/* Begin PBXGroup section */
		FC02C20514985FB500605FD4 = {
			isa = PBXGroup;
			children = (
				FC02C269149A401F00605FD4 /* Customized */,
				FC02C24A1498F4FF00605FD4 /* ViewControllers */,
				FC02C2491498F4CC00605FD4 /* ViewNibs */,
				FC02C2461498E7E200605FD4 /* Protocols */,
				FC02C21C14985FB500605FD4 /* AreaPlan */,
				FC02C21314985FB500605FD4 /* Frameworks */,
				FC02C21114985FB500605FD4 /* Products */,
			);
			sourceTree = "<group>";
		};
		FC02C21114985FB500605FD4 /* Products */ = {
			isa = PBXGroup;
			children = (
				FC02C21014985FB500605FD4 /* AreaPlan.app */,
			);
			name = Products;
			sourceTree = "<group>";
		};
		FC02C21314985FB500605FD4 /* Frameworks */ = {
			isa = PBXGroup;
			children = (
				FC02C21414985FB500605FD4 /* UIKit.framework */,
				FC02C21614985FB500605FD4 /* Foundation.framework */,
				FC02C21814985FB500605FD4 /* CoreGraphics.framework */,
				FC02C21A14985FB500605FD4 /* CoreData.framework */,
			);
			name = Frameworks;
			sourceTree = "<group>";
		};
		FC02C21C14985FB500605FD4 /* AreaPlan */ = {
			isa = PBXGroup;
			children = (
				FC02C22514985FB500605FD4 /* AppDelegate.h */,
				FC02C22614985FB500605FD4 /* AppDelegate.m */,
				FC02C22814985FB500605FD4 /* AreaPlan.xcdatamodeld */,
				FC02C21D14985FB500605FD4 /* Supporting Files */,
			);
			path = AreaPlan;
			sourceTree = "<group>";
		};
		FC02C21D14985FB500605FD4 /* Supporting Files */ = {
			isa = PBXGroup;
			children = (
				FC875D6D149A73D60026E120 /* floorplan.jpg */,
				FC02C266149A3FF200605FD4 /* left_button.png */,
				FC02C265149A3FF200605FD4 /* right_button.png */,
				FC02C25914993A6A00605FD4 /* icon.png */,
				FC02C21E14985FB500605FD4 /* AreaPlan-Info.plist */,
				FC02C21F14985FB500605FD4 /* InfoPlist.strings */,
				FC02C22214985FB500605FD4 /* main.m */,
				FC02C22414985FB500605FD4 /* AreaPlan-Prefix.pch */,
			);
			name = "Supporting Files";
			sourceTree = "<group>";
		};
		FC02C2461498E7E200605FD4 /* Protocols */ = {
			isa = PBXGroup;
			children = (
				FC02C2471498E82E00605FD4 /* ParentViewController.h */,
			);
			name = Protocols;
			sourceTree = "<group>";
		};
		FC02C2491498F4CC00605FD4 /* ViewNibs */ = {
			isa = PBXGroup;
			children = (
				FC02C25614992EB700605FD4 /* MasterNib.xib */,
				FC02C24D1498F5F000605FD4 /* MapView.xib */,
				FC02C2351498606C00605FD4 /* MainView.xib */,
			);
			name = ViewNibs;
			sourceTree = "<group>";
		};
		FC02C24A1498F4FF00605FD4 /* ViewControllers */ = {
			isa = PBXGroup;
			children = (
				FC02C24B1498F5F000605FD4 /* MapViewController.h */,
				FC02C24C1498F5F000605FD4 /* MapViewController.m */,
				FC02C2331498606C00605FD4 /* MainViewController.h */,
				FC02C2341498606C00605FD4 /* MainViewController.m */,
				FC02C2301498601900605FD4 /* MasterViewController.h */,
				FC02C2311498601900605FD4 /* MasterViewController.m */,
			);
			name = ViewControllers;
			sourceTree = "<group>";
		};
		FC02C269149A401F00605FD4 /* Customized */ = {
			isa = PBXGroup;
			children = (
				FC02C26A149A407400605FD4 /* ZoomScroller.h */,
				FC02C26B149A407400605FD4 /* ZoomScroller.m */,
				FC875D6A149A62100026E120 /* QuartzView.h */,
				FC875D6B149A62100026E120 /* QuartzView.m */,
			);
			name = Customized;
			sourceTree = "<group>";
		};
/* End PBXGroup section */

/* Begin PBXNativeTarget section */
		FC02C20F14985FB500605FD4 /* AreaPlan */ = {
			isa = PBXNativeTarget;
			buildConfigurationList = FC02C22D14985FB500605FD4 /* Build configuration list for PBXNativeTarget "AreaPlan" */;
			buildPhases = (
				FC02C20C14985FB500605FD4 /* Sources */,
				FC02C20D14985FB500605FD4 /* Frameworks */,
				FC02C20E14985FB500605FD4 /* Resources */,
			);
			buildRules = (
			);
			dependencies = (
			);
			name = AreaPlan;
			productName = AreaPlan;
			productReference = FC02C21014985FB500605FD4 /* AreaPlan.app */;
			productType = "com.apple.product-type.application";
		};
/* End PBXNativeTarget section */

/* Begin PBXProject section */
		FC02C20714985FB500605FD4 /* Project object */ = {
			isa = PBXProject;
			attributes = {
				LastUpgradeCheck = 0420;
			};
			buildConfigurationList = FC02C20A14985FB500605FD4 /* Build configuration list for PBXProject "AreaPlan" */;
			compatibilityVersion = "Xcode 3.2";
			developmentRegion = English;
			hasScannedForEncodings = 0;
			knownRegions = (
				en,
			);
			mainGroup = FC02C20514985FB500605FD4;
			productRefGroup = FC02C21114985FB500605FD4 /* Products */;
			projectDirPath = "";
			projectRoot = "";
			targets = (
				FC02C20F14985FB500605FD4 /* AreaPlan */,
			);
		};
/* End PBXProject section */

/* Begin PBXResourcesBuildPhase section */
		FC02C20E14985FB500605FD4 /* Resources */ = {
			isa = PBXResourcesBuildPhase;
			buildActionMask = 2147483647;
			files = (
				FC02C22114985FB500605FD4 /* InfoPlist.strings in Resources */,
				FC02C2371498606C00605FD4 /* MainView.xib in Resources */,
				FC02C24F1498F5F000605FD4 /* MapView.xib in Resources */,
				FC02C25814992EB700605FD4 /* MasterNib.xib in Resources */,
				FC02C25A14993A6A00605FD4 /* icon.png in Resources */,
				FC02C267149A3FF200605FD4 /* right_button.png in Resources */,
				FC02C268149A3FF200605FD4 /* left_button.png in Resources */,
				FC875D6E149A73D60026E120 /* floorplan.jpg in Resources */,
			);
			runOnlyForDeploymentPostprocessing = 0;
		};
/* End PBXResourcesBuildPhase section */

/* Begin PBXSourcesBuildPhase section */
		FC02C20C14985FB500605FD4 /* Sources */ = {
			isa = PBXSourcesBuildPhase;
			buildActionMask = 2147483647;
			files = (
				FC02C22314985FB500605FD4 /* main.m in Sources */,
				FC02C22714985FB500605FD4 /* AppDelegate.m in Sources */,
				FC02C22A14985FB500605FD4 /* AreaPlan.xcdatamodeld in Sources */,
				FC02C2321498601900605FD4 /* MasterViewController.m in Sources */,
				FC02C2361498606C00605FD4 /* MainViewController.m in Sources */,
				FC02C24E1498F5F000605FD4 /* MapViewController.m in Sources */,
				FC02C26C149A407400605FD4 /* ZoomScroller.m in Sources */,
				FC875D6C149A62100026E120 /* QuartzView.m in Sources */,
			);
			runOnlyForDeploymentPostprocessing = 0;
		};
/* End PBXSourcesBuildPhase section */

/* Begin PBXVariantGroup section */
		FC02C21F14985FB500605FD4 /* InfoPlist.strings */ = {
			isa = PBXVariantGroup;
			children = (
				FC02C22014985FB500605FD4 /* en */,
			);
			name = InfoPlist.strings;
			sourceTree = "<group>";
		};
/* End PBXVariantGroup section */

/* Begin XCBuildConfiguration section */
		FC02C22B14985FB500605FD4 /* Debug */ = {
			isa = XCBuildConfiguration;
			buildSettings = {
				ALWAYS_SEARCH_USER_PATHS = NO;
				ARCHS = "$(ARCHS_STANDARD_32_BIT)";
				CLANG_ENABLE_OBJC_ARC = YES;
				"CODE_SIGN_IDENTITY[sdk=iphoneos*]" = "iPhone Developer";
				COPY_PHASE_STRIP = NO;
				GCC_C_LANGUAGE_STANDARD = gnu99;
				GCC_DYNAMIC_NO_PIC = NO;
				GCC_OPTIMIZATION_LEVEL = 0;
				GCC_PREPROCESSOR_DEFINITIONS = (
					"DEBUG=1",
					"$(inherited)",
				);
				GCC_SYMBOLS_PRIVATE_EXTERN = NO;
				GCC_VERSION = com.apple.compilers.llvm.clang.1_0;
				GCC_WARN_ABOUT_MISSING_PROTOTYPES = YES;
				GCC_WARN_ABOUT_RETURN_TYPE = YES;
				GCC_WARN_UNUSED_VARIABLE = YES;
				IPHONEOS_DEPLOYMENT_TARGET = 5.0;
				SDKROOT = iphoneos;
			};
			name = Debug;
		};
		FC02C22C14985FB500605FD4 /* Release */ = {
			isa = XCBuildConfiguration;
			buildSettings = {
				ALWAYS_SEARCH_USER_PATHS = NO;
				ARCHS = "$(ARCHS_STANDARD_32_BIT)";
				CLANG_ENABLE_OBJC_ARC = YES;
				"CODE_SIGN_IDENTITY[sdk=iphoneos*]" = "iPhone Developer";
				COPY_PHASE_STRIP = YES;
				GCC_C_LANGUAGE_STANDARD = gnu99;
				GCC_VERSION = com.apple.compilers.llvm.clang.1_0;
				GCC_WARN_ABOUT_MISSING_PROTOTYPES = YES;
				GCC_WARN_ABOUT_RETURN_TYPE = YES;
				GCC_WARN_UNUSED_VARIABLE = YES;
				IPHONEOS_DEPLOYMENT_TARGET = 5.0;
				OTHER_CFLAGS = "-DNS_BLOCK_ASSERTIONS=1";
				SDKROOT = iphoneos;
				VALIDATE_PRODUCT = YES;
			};
			name = Release;
		};
		FC02C22E14985FB500605FD4 /* Debug */ = {
			isa = XCBuildConfiguration;
			buildSettings = {
				GCC_PRECOMPILE_PREFIX_HEADER = YES;
				GCC_PREFIX_HEADER = "AreaPlan/AreaPlan-Prefix.pch";
				INFOPLIST_FILE = "AreaPlan/AreaPlan-Info.plist";
				PRODUCT_NAME = "$(TARGET_NAME)";
				WRAPPER_EXTENSION = app;
			};
			name = Debug;
		};
		FC02C22F14985FB500605FD4 /* Release */ = {
			isa = XCBuildConfiguration;
			buildSettings = {
				GCC_PRECOMPILE_PREFIX_HEADER = YES;
				GCC_PREFIX_HEADER = "AreaPlan/AreaPlan-Prefix.pch";
				INFOPLIST_FILE = "AreaPlan/AreaPlan-Info.plist";
				PRODUCT_NAME = "$(TARGET_NAME)";
				WRAPPER_EXTENSION = app;
			};
			name = Release;
		};
/* End XCBuildConfiguration section */

/* Begin XCConfigurationList section */
		FC02C20A14985FB500605FD4 /* Build configuration list for PBXProject "AreaPlan" */ = {
			isa = XCConfigurationList;
			buildConfigurations = (
				FC02C22B14985FB500605FD4 /* Debug */,
				FC02C22C14985FB500605FD4 /* Release */,
			);
			defaultConfigurationIsVisible = 0;
			defaultConfigurationName = Release;
		};
		FC02C22D14985FB500605FD4 /* Build configuration list for PBXNativeTarget "AreaPlan" */ = {
			isa = XCConfigurationList;
			buildConfigurations = (
				FC02C22E14985FB500605FD4 /* Debug */,
				FC02C22F14985FB500605FD4 /* Release */,
			);
			defaultConfigurationIsVisible = 0;
			defaultConfigurationName = Release;
		};
/* End XCConfigurationList section */

/* Begin XCVersionGroup section */
		FC02C22814985FB500605FD4 /* AreaPlan.xcdatamodeld */ = {
			isa = XCVersionGroup;
			children = (
				FC02C22914985FB500605FD4 /* AreaPlan.xcdatamodel */,
			);
			currentVersion = FC02C22914985FB500605FD4 /* AreaPlan.xcdatamodel */;
			path = AreaPlan.xcdatamodeld;
			sourceTree = "<group>";
			versionGroupType = wrapper.xcdatamodel;
		};
/* End XCVersionGroup section */
	};
	rootObject = FC02C20714985FB500605FD4 /* Project object */;
}
